// !$*UTF8*$!
{
	archiveVersion = 1;
	classes = {
	};
	objectVersion = 48;
	objects = {

/* Begin PBXBuildFile section */
		2B15A2071F791F7F00F2DA27 /* ShootData.swift in Sources */ = {isa = PBXBuildFile; fileRef = 2B15A2061F791F7F00F2DA27 /* ShootData.swift */; };
		2B2D1C091F837AAC00F387F0 /* MainCourt.png in Resources */ = {isa = PBXBuildFile; fileRef = 2B2D1C081F837AA700F387F0 /* MainCourt.png */; };
		2B4745E31F80A49D00D73F00 /* ball.png in Resources */ = {isa = PBXBuildFile; fileRef = 2B4745E21F80A49800D73F00 /* ball.png */; };
		2B9DD0071F78B8C50098BACC /* HomeViewController.swift in Sources */ = {isa = PBXBuildFile; fileRef = 2B9DD0061F78B8C50098BACC /* HomeViewController.swift */; };
		2B9DD00A1F78B90D0098BACC /* AreaViewController.swift in Sources */ = {isa = PBXBuildFile; fileRef = 2B9DD0091F78B90D0098BACC /* AreaViewController.swift */; };
		2B9DD00C1F78B9260098BACC /* SettingViewController.swift in Sources */ = {isa = PBXBuildFile; fileRef = 2B9DD00B1F78B9260098BACC /* SettingViewController.swift */; };
		2B9DD00E1F78B9400098BACC /* StatsViewController.swift in Sources */ = {isa = PBXBuildFile; fileRef = 2B9DD00D1F78B9400098BACC /* StatsViewController.swift */; };
		2B9DD0101F78B9540098BACC /* PostViewController.swift in Sources */ = {isa = PBXBuildFile; fileRef = 2B9DD00F1F78B9540098BACC /* PostViewController.swift */; };
		2B9DD0221F7911D10098BACC /* haguruma3.png in Resources */ = {isa = PBXBuildFile; fileRef = 2B9DD0211F79119F0098BACC /* haguruma3.png */; };
		2B9DD0261F7912540098BACC /* court.png in Resources */ = {isa = PBXBuildFile; fileRef = 2B9DD0241F7912500098BACC /* court.png */; };
		2B9DD0271F7912580098BACC /* house.png in Resources */ = {isa = PBXBuildFile; fileRef = 2B9DD0231F7912500098BACC /* house.png */; };
		2B9DD0281F79125B0098BACC /* paper.png in Resources */ = {isa = PBXBuildFile; fileRef = 2B9DD0251F7912500098BACC /* paper.png */; };
		2B9E58541F88C68B0015E8D9 /* MainCourt2.png in Resources */ = {isa = PBXBuildFile; fileRef = 2B1F4ABF1F88C1E5004EDB3E /* MainCourt2.png */; };
		2BF869CD1F76A2D900F403BC /* AppDelegate.swift in Sources */ = {isa = PBXBuildFile; fileRef = 2BF869CC1F76A2D900F403BC /* AppDelegate.swift */; };
		2BF869D41F76A2D900F403BC /* Main.storyboard in Resources */ = {isa = PBXBuildFile; fileRef = 2BF869D21F76A2D900F403BC /* Main.storyboard */; };
		2BF869D61F76A2D900F403BC /* Assets.xcassets in Resources */ = {isa = PBXBuildFile; fileRef = 2BF869D51F76A2D900F403BC /* Assets.xcassets */; };
		2BF869D91F76A2D900F403BC /* LaunchScreen.storyboard in Resources */ = {isa = PBXBuildFile; fileRef = 2BF869D71F76A2D900F403BC /* LaunchScreen.storyboard */; };
		A883B7B5AF7B30D43B0A1F42 /* Pods_MyShootingCoach.framework in Frameworks */ = {isa = PBXBuildFile; fileRef = E96AC95420E900B243C248FE /* Pods_MyShootingCoach.framework */; };
/* End PBXBuildFile section */

/* Begin PBXFileReference section */
		14033C9E5C86AC9A20F6861E /* Pods-MyShootingCoach.release.xcconfig */ = {isa = PBXFileReference; includeInIndex = 1; lastKnownFileType = text.xcconfig; name = "Pods-MyShootingCoach.release.xcconfig"; path = "Pods/Target Support Files/Pods-MyShootingCoach/Pods-MyShootingCoach.release.xcconfig"; sourceTree = "<group>"; };
		1BE13BD90CC6DCB8147BBA50 /* Pods-MyShootingCoach.debug.xcconfig */ = {isa = PBXFileReference; includeInIndex = 1; lastKnownFileType = text.xcconfig; name = "Pods-MyShootingCoach.debug.xcconfig"; path = "Pods/Target Support Files/Pods-MyShootingCoach/Pods-MyShootingCoach.debug.xcconfig"; sourceTree = "<group>"; };
		2B15A2061F791F7F00F2DA27 /* ShootData.swift */ = {isa = PBXFileReference; lastKnownFileType = sourcecode.swift; path = ShootData.swift; sourceTree = "<group>"; };
		2B1F4ABF1F88C1E5004EDB3E /* MainCourt2.png */ = {isa = PBXFileReference; lastKnownFileType = image.png; path = MainCourt2.png; sourceTree = "<group>"; };
		2B2D1C081F837AA700F387F0 /* MainCourt.png */ = {isa = PBXFileReference; lastKnownFileType = image.png; path = MainCourt.png; sourceTree = "<group>"; };
		2B4745E21F80A49800D73F00 /* ball.png */ = {isa = PBXFileReference; lastKnownFileType = image.png; path = ball.png; sourceTree = "<group>"; };
		2B9DD0061F78B8C50098BACC /* HomeViewController.swift */ = {isa = PBXFileReference; lastKnownFileType = sourcecode.swift; path = HomeViewController.swift; sourceTree = "<group>"; };
		2B9DD0091F78B90D0098BACC /* AreaViewController.swift */ = {isa = PBXFileReference; lastKnownFileType = sourcecode.swift; path = AreaViewController.swift; sourceTree = "<group>"; };
		2B9DD00B1F78B9260098BACC /* SettingViewController.swift */ = {isa = PBXFileReference; lastKnownFileType = sourcecode.swift; path = SettingViewController.swift; sourceTree = "<group>"; };
		2B9DD00D1F78B9400098BACC /* StatsViewController.swift */ = {isa = PBXFileReference; lastKnownFileType = sourcecode.swift; path = StatsViewController.swift; sourceTree = "<group>"; };
		2B9DD00F1F78B9540098BACC /* PostViewController.swift */ = {isa = PBXFileReference; lastKnownFileType = sourcecode.swift; path = PostViewController.swift; sourceTree = "<group>"; };
		2B9DD0211F79119F0098BACC /* haguruma3.png */ = {isa = PBXFileReference; lastKnownFileType = image.png; path = haguruma3.png; sourceTree = "<group>"; };
		2B9DD0231F7912500098BACC /* house.png */ = {isa = PBXFileReference; lastKnownFileType = image.png; path = house.png; sourceTree = "<group>"; };
		2B9DD0241F7912500098BACC /* court.png */ = {isa = PBXFileReference; lastKnownFileType = image.png; path = court.png; sourceTree = "<group>"; };
		2B9DD0251F7912500098BACC /* paper.png */ = {isa = PBXFileReference; lastKnownFileType = image.png; path = paper.png; sourceTree = "<group>"; };
		2BF869C91F76A2D900F403BC /* MyShootingCoach.app */ = {isa = PBXFileReference; explicitFileType = wrapper.application; includeInIndex = 0; path = MyShootingCoach.app; sourceTree = BUILT_PRODUCTS_DIR; };
		2BF869CC1F76A2D900F403BC /* AppDelegate.swift */ = {isa = PBXFileReference; lastKnownFileType = sourcecode.swift; path = AppDelegate.swift; sourceTree = "<group>"; };
		2BF869D31F76A2D900F403BC /* Base */ = {isa = PBXFileReference; lastKnownFileType = file.storyboard; name = Base; path = Base.lproj/Main.storyboard; sourceTree = "<group>"; };
		2BF869D51F76A2D900F403BC /* Assets.xcassets */ = {isa = PBXFileReference; lastKnownFileType = folder.assetcatalog; path = Assets.xcassets; sourceTree = "<group>"; };
		2BF869D81F76A2D900F403BC /* Base */ = {isa = PBXFileReference; lastKnownFileType = file.storyboard; name = Base; path = Base.lproj/LaunchScreen.storyboard; sourceTree = "<group>"; };
		2BF869DA1F76A2D900F403BC /* Info.plist */ = {isa = PBXFileReference; lastKnownFileType = text.plist.xml; path = Info.plist; sourceTree = "<group>"; };
		E96AC95420E900B243C248FE /* Pods_MyShootingCoach.framework */ = {isa = PBXFileReference; explicitFileType = wrapper.framework; includeInIndex = 0; path = Pods_MyShootingCoach.framework; sourceTree = BUILT_PRODUCTS_DIR; };
/* End PBXFileReference section */

/* Begin PBXFrameworksBuildPhase section */
		2BF869C61F76A2D900F403BC /* Frameworks */ = {
			isa = PBXFrameworksBuildPhase;
			buildActionMask = 2147483647;
			files = (
				A883B7B5AF7B30D43B0A1F42 /* Pods_MyShootingCoach.framework in Frameworks */,
			);
			runOnlyForDeploymentPostprocessing = 0;
		};
/* End PBXFrameworksBuildPhase section */

/* Begin PBXGroup section */
		2B15A2051F791F5600F2DA27 /* Classes */ = {
			isa = PBXGroup;
			children = (
				2B15A2061F791F7F00F2DA27 /* ShootData.swift */,
			);
			path = Classes;
			sourceTree = "<group>";
		};
		2B9DD0081F78B8CD0098BACC /* ViewControllers */ = {
			isa = PBXGroup;
			children = (
				2B9DD0061F78B8C50098BACC /* HomeViewController.swift */,
				2B9DD0091F78B90D0098BACC /* AreaViewController.swift */,
				2B9DD00B1F78B9260098BACC /* SettingViewController.swift */,
				2B9DD00D1F78B9400098BACC /* StatsViewController.swift */,
				2B9DD00F1F78B9540098BACC /* PostViewController.swift */,
			);
			path = ViewControllers;
			sourceTree = "<group>";
		};
		2B9DD0111F78FEC30098BACC /* pics */ = {
			isa = PBXGroup;
			children = (
				2B1F4ABF1F88C1E5004EDB3E /* MainCourt2.png */,
				2B4745E21F80A49800D73F00 /* ball.png */,
				2B9DD0211F79119F0098BACC /* haguruma3.png */,
				2B2D1C081F837AA700F387F0 /* MainCourt.png */,
				2B9DD0241F7912500098BACC /* court.png */,
				2B9DD0231F7912500098BACC /* house.png */,
				2B9DD0251F7912500098BACC /* paper.png */,
			);
			path = pics;
			sourceTree = "<group>";
		};
		2BF869C01F76A2D900F403BC = {
			isa = PBXGroup;
			children = (
				2BF869CB1F76A2D900F403BC /* MyShootingCoach */,
				2BF869CA1F76A2D900F403BC /* Products */,
				59FCC6BCFD0606E69B6CB4B7 /* Pods */,
				75232A5B61E83E18D795C519 /* Frameworks */,
			);
			sourceTree = "<group>";
		};
		2BF869CA1F76A2D900F403BC /* Products */ = {
			isa = PBXGroup;
			children = (
				2BF869C91F76A2D900F403BC /* MyShootingCoach.app */,
			);
			name = Products;
			sourceTree = "<group>";
		};
		2BF869CB1F76A2D900F403BC /* MyShootingCoach */ = {
			isa = PBXGroup;
			children = (
				2BF869CC1F76A2D900F403BC /* AppDelegate.swift */,
				2BF869D21F76A2D900F403BC /* Main.storyboard */,
				2BF869D51F76A2D900F403BC /* Assets.xcassets */,
				2BF869D71F76A2D900F403BC /* LaunchScreen.storyboard */,
				2BF869DA1F76A2D900F403BC /* Info.plist */,
				2B9DD0081F78B8CD0098BACC /* ViewControllers */,
				2B15A2051F791F5600F2DA27 /* Classes */,
				2B9DD0111F78FEC30098BACC /* pics */,
			);
			path = MyShootingCoach;
			sourceTree = "<group>";
		};
		59FCC6BCFD0606E69B6CB4B7 /* Pods */ = {
			isa = PBXGroup;
			children = (
				1BE13BD90CC6DCB8147BBA50 /* Pods-MyShootingCoach.debug.xcconfig */,
				14033C9E5C86AC9A20F6861E /* Pods-MyShootingCoach.release.xcconfig */,
			);
			name = Pods;
			sourceTree = "<group>";
		};
		75232A5B61E83E18D795C519 /* Frameworks */ = {
			isa = PBXGroup;
			children = (
				E96AC95420E900B243C248FE /* Pods_MyShootingCoach.framework */,
			);
			name = Frameworks;
			sourceTree = "<group>";
		};
/* End PBXGroup section */

/* Begin PBXNativeTarget section */
		2BF869C81F76A2D900F403BC /* MyShootingCoach */ = {
			isa = PBXNativeTarget;
			buildConfigurationList = 2BF869DD1F76A2D900F403BC /* Build configuration list for PBXNativeTarget "MyShootingCoach" */;
			buildPhases = (
				555261C69AEDA6484CE5EDFE /* [CP] Check Pods Manifest.lock */,
				2BF869C51F76A2D900F403BC /* Sources */,
				2BF869C61F76A2D900F403BC /* Frameworks */,
				2BF869C71F76A2D900F403BC /* Resources */,
				E5D899167E165E896A5387D0 /* [CP] Embed Pods Frameworks */,
				C926B0888461968727B57B83 /* [CP] Copy Pods Resources */,
			);
			buildRules = (
			);
			dependencies = (
			);
			name = MyShootingCoach;
			productName = MyShootingCoach;
			productReference = 2BF869C91F76A2D900F403BC /* MyShootingCoach.app */;
			productType = "com.apple.product-type.application";
		};
/* End PBXNativeTarget section */

/* Begin PBXProject section */
		2BF869C11F76A2D900F403BC /* Project object */ = {
			isa = PBXProject;
			attributes = {
				LastSwiftUpdateCheck = 0900;
				LastUpgradeCheck = 0900;
				ORGANIZATIONNAME = "Satoshi Komatsu";
				TargetAttributes = {
					2BF869C81F76A2D900F403BC = {
						CreatedOnToolsVersion = 9.0;
						ProvisioningStyle = Automatic;
					};
				};
			};
			buildConfigurationList = 2BF869C41F76A2D900F403BC /* Build configuration list for PBXProject "MyShootingCoach" */;
			compatibilityVersion = "Xcode 8.0";
			developmentRegion = en;
			hasScannedForEncodings = 0;
			knownRegions = (
				en,
				Base,
			);
			mainGroup = 2BF869C01F76A2D900F403BC;
			productRefGroup = 2BF869CA1F76A2D900F403BC /* Products */;
			projectDirPath = "";
			projectRoot = "";
			targets = (
				2BF869C81F76A2D900F403BC /* MyShootingCoach */,
			);
		};
/* End PBXProject section */

/* Begin PBXResourcesBuildPhase section */
		2BF869C71F76A2D900F403BC /* Resources */ = {
			isa = PBXResourcesBuildPhase;
			buildActionMask = 2147483647;
			files = (
				2BF869D91F76A2D900F403BC /* LaunchScreen.storyboard in Resources */,
				2BF869D61F76A2D900F403BC /* Assets.xcassets in Resources */,
				2B9DD0281F79125B0098BACC /* paper.png in Resources */,
				2B9DD0221F7911D10098BACC /* haguruma3.png in Resources */,
				2B9DD0261F7912540098BACC /* court.png in Resources */,
				2B9DD0271F7912580098BACC /* house.png in Resources */,
				2B4745E31F80A49D00D73F00 /* ball.png in Resources */,
				2B2D1C091F837AAC00F387F0 /* MainCourt.png in Resources */,
				2BF869D41F76A2D900F403BC /* Main.storyboard in Resources */,
				2B9E58541F88C68B0015E8D9 /* MainCourt2.png in Resources */,
			);
			runOnlyForDeploymentPostprocessing = 0;
		};
/* End PBXResourcesBuildPhase section */

/* Begin PBXShellScriptBuildPhase section */
		555261C69AEDA6484CE5EDFE /* [CP] Check Pods Manifest.lock */ = {
			isa = PBXShellScriptBuildPhase;
			buildActionMask = 2147483647;
			files = (
			);
			inputPaths = (
				"${PODS_PODFILE_DIR_PATH}/Podfile.lock",
				"${PODS_ROOT}/Manifest.lock",
			);
			name = "[CP] Check Pods Manifest.lock";
			outputPaths = (
				"$(DERIVED_FILE_DIR)/Pods-MyShootingCoach-checkManifestLockResult.txt",
			);
			runOnlyForDeploymentPostprocessing = 0;
			shellPath = /bin/sh;
			shellScript = "diff \"${PODS_PODFILE_DIR_PATH}/Podfile.lock\" \"${PODS_ROOT}/Manifest.lock\" > /dev/null\nif [ $? != 0 ] ; then\n    # print error to STDERR\n    echo \"error: The sandbox is not in sync with the Podfile.lock. Run 'pod install' or update your CocoaPods installation.\" >&2\n    exit 1\nfi\n# This output is used by Xcode 'outputs' to avoid re-running this script phase.\necho \"SUCCESS\" > \"${SCRIPT_OUTPUT_FILE_0}\"\n";
			showEnvVarsInLog = 0;
		};
		C926B0888461968727B57B83 /* [CP] Copy Pods Resources */ = {
			isa = PBXShellScriptBuildPhase;
			buildActionMask = 2147483647;
			files = (
			);
			inputPaths = (
			);
			name = "[CP] Copy Pods Resources";
			outputPaths = (
			);
			runOnlyForDeploymentPostprocessing = 0;
			shellPath = /bin/sh;
			shellScript = "\"${SRCROOT}/Pods/Target Support Files/Pods-MyShootingCoach/Pods-MyShootingCoach-resources.sh\"\n";
			showEnvVarsInLog = 0;
		};
		E5D899167E165E896A5387D0 /* [CP] Embed Pods Frameworks */ = {
			isa = PBXShellScriptBuildPhase;
			buildActionMask = 2147483647;
			files = (
			);
			inputPaths = (
				"${SRCROOT}/Pods/Target Support Files/Pods-MyShootingCoach/Pods-MyShootingCoach-frameworks.sh",
				"${BUILT_PRODUCTS_DIR}/Realm/Realm.framework",
				"${BUILT_PRODUCTS_DIR}/RealmSwift/RealmSwift.framework",
			);
			name = "[CP] Embed Pods Frameworks";
			outputPaths = (
				"${TARGET_BUILD_DIR}/${FRAMEWORKS_FOLDER_PATH}/Realm.framework",
				"${TARGET_BUILD_DIR}/${FRAMEWORKS_FOLDER_PATH}/RealmSwift.framework",
			);
			runOnlyForDeploymentPostprocessing = 0;
			shellPath = /bin/sh;
			shellScript = "\"${SRCROOT}/Pods/Target Support Files/Pods-MyShootingCoach/Pods-MyShootingCoach-frameworks.sh\"\n";
			showEnvVarsInLog = 0;
		};
/* End PBXShellScriptBuildPhase section */

/* Begin PBXSourcesBuildPhase section */
		2BF869C51F76A2D900F403BC /* Sources */ = {
			isa = PBXSourcesBuildPhase;
			buildActionMask = 2147483647;
			files = (
				2B9DD0101F78B9540098BACC /* PostViewController.swift in Sources */,
				2B9DD00A1F78B90D0098BACC /* AreaViewController.swift in Sources */,
				2B15A2071F791F7F00F2DA27 /* ShootData.swift in Sources */,
				2BF869CD1F76A2D900F403BC /* AppDelegate.swift in Sources */,
				2B9DD00E1F78B9400098BACC /* StatsViewController.swift in Sources */,
				2B9DD0071F78B8C50098BACC /* HomeViewController.swift in Sources */,
				2B9DD00C1F78B9260098BACC /* SettingViewController.swift in Sources */,
			);
			runOnlyForDeploymentPostprocessing = 0;
		};
/* End PBXSourcesBuildPhase section */

/* Begin PBXVariantGroup section */
		2BF869D21F76A2D900F403BC /* Main.storyboard */ = {
			isa = PBXVariantGroup;
			children = (
				2BF869D31F76A2D900F403BC /* Base */,
			);
			name = Main.storyboard;
			sourceTree = "<group>";
		};
		2BF869D71F76A2D900F403BC /* LaunchScreen.storyboard */ = {
			isa = PBXVariantGroup;
			children = (
				2BF869D81F76A2D900F403BC /* Base */,
			);
			name = LaunchScreen.storyboard;
			sourceTree = "<group>";
		};
/* End PBXVariantGroup section */

/* Begin XCBuildConfiguration section */
		2BF869DB1F76A2D900F403BC /* Debug */ = {
			isa = XCBuildConfiguration;
			buildSettings = {
				ALWAYS_SEARCH_USER_PATHS = NO;
				CLANG_ANALYZER_NONNULL = YES;
				CLANG_ANALYZER_NUMBER_OBJECT_CONVERSION = YES_AGGRESSIVE;
				CLANG_CXX_LANGUAGE_STANDARD = "gnu++14";
				CLANG_CXX_LIBRARY = "libc++";
				CLANG_ENABLE_MODULES = YES;
				CLANG_ENABLE_OBJC_ARC = YES;
				CLANG_WARN_BLOCK_CAPTURE_AUTORELEASING = YES;
				CLANG_WARN_BOOL_CONVERSION = YES;
				CLANG_WARN_COMMA = YES;
				CLANG_WARN_CONSTANT_CONVERSION = YES;
				CLANG_WARN_DIRECT_OBJC_ISA_USAGE = YES_ERROR;
				CLANG_WARN_DOCUMENTATION_COMMENTS = YES;
				CLANG_WARN_EMPTY_BODY = YES;
				CLANG_WARN_ENUM_CONVERSION = YES;
				CLANG_WARN_INFINITE_RECURSION = YES;
				CLANG_WARN_INT_CONVERSION = YES;
				CLANG_WARN_NON_LITERAL_NULL_CONVERSION = YES;
				CLANG_WARN_OBJC_LITERAL_CONVERSION = YES;
				CLANG_WARN_OBJC_ROOT_CLASS = YES_ERROR;
				CLANG_WARN_RANGE_LOOP_ANALYSIS = YES;
				CLANG_WARN_STRICT_PROTOTYPES = YES;
				CLANG_WARN_SUSPICIOUS_MOVE = YES;
				CLANG_WARN_UNGUARDED_AVAILABILITY = YES_AGGRESSIVE;
				CLANG_WARN_UNREACHABLE_CODE = YES;
				CLANG_WARN__DUPLICATE_METHOD_MATCH = YES;
				CODE_SIGN_IDENTITY = "iPhone Developer";
				COPY_PHASE_STRIP = NO;
				DEBUG_INFORMATION_FORMAT = dwarf;
				ENABLE_STRICT_OBJC_MSGSEND = YES;
				ENABLE_TESTABILITY = YES;
				GCC_C_LANGUAGE_STANDARD = gnu11;
				GCC_DYNAMIC_NO_PIC = NO;
				GCC_NO_COMMON_BLOCKS = YES;
				GCC_OPTIMIZATION_LEVEL = 0;
				GCC_PREPROCESSOR_DEFINITIONS = (
					"DEBUG=1",
					"$(inherited)",
				);
				GCC_WARN_64_TO_32_BIT_CONVERSION = YES;
				GCC_WARN_ABOUT_RETURN_TYPE = YES_ERROR;
				GCC_WARN_UNDECLARED_SELECTOR = YES;
				GCC_WARN_UNINITIALIZED_AUTOS = YES_AGGRESSIVE;
				GCC_WARN_UNUSED_FUNCTION = YES;
				GCC_WARN_UNUSED_VARIABLE = YES;
				IPHONEOS_DEPLOYMENT_TARGET = 11.0;
				MTL_ENABLE_DEBUG_INFO = YES;
				ONLY_ACTIVE_ARCH = YES;
				SDKROOT = iphoneos;
				SWIFT_ACTIVE_COMPILATION_CONDITIONS = DEBUG;
				SWIFT_OPTIMIZATION_LEVEL = "-Onone";
			};
			name = Debug;
		};
		2BF869DC1F76A2D900F403BC /* Release */ = {
			isa = XCBuildConfiguration;
			buildSettings = {
				ALWAYS_SEARCH_USER_PATHS = NO;
				CLANG_ANALYZER_NONNULL = YES;
				CLANG_ANALYZER_NUMBER_OBJECT_CONVERSION = YES_AGGRESSIVE;
				CLANG_CXX_LANGUAGE_STANDARD = "gnu++14";
				CLANG_CXX_LIBRARY = "libc++";
				CLANG_ENABLE_MODULES = YES;
				CLANG_ENABLE_OBJC_ARC = YES;
				CLANG_WARN_BLOCK_CAPTURE_AUTORELEASING = YES;
				CLANG_WARN_BOOL_CONVERSION = YES;
				CLANG_WARN_COMMA = YES;
				CLANG_WARN_CONSTANT_CONVERSION = YES;
				CLANG_WARN_DIRECT_OBJC_ISA_USAGE = YES_ERROR;
				CLANG_WARN_DOCUMENTATION_COMMENTS = YES;
				CLANG_WARN_EMPTY_BODY = YES;
				CLANG_WARN_ENUM_CONVERSION = YES;
				CLANG_WARN_INFINITE_RECURSION = YES;
				CLANG_WARN_INT_CONVERSION = YES;
				CLANG_WARN_NON_LITERAL_NULL_CONVERSION = YES;
				CLANG_WARN_OBJC_LITERAL_CONVERSION = YES;
				CLANG_WARN_OBJC_ROOT_CLASS = YES_ERROR;
				CLANG_WARN_RANGE_LOOP_ANALYSIS = YES;
				CLANG_WARN_STRICT_PROTOTYPES = YES;
				CLANG_WARN_SUSPICIOUS_MOVE = YES;
				CLANG_WARN_UNGUARDED_AVAILABILITY = YES_AGGRESSIVE;
				CLANG_WARN_UNREACHABLE_CODE = YES;
				CLANG_WARN__DUPLICATE_METHOD_MATCH = YES;
				CODE_SIGN_IDENTITY = "iPhone Developer";
				COPY_PHASE_STRIP = NO;
				DEBUG_INFORMATION_FORMAT = "dwarf-with-dsym";
				ENABLE_NS_ASSERTIONS = NO;
				ENABLE_STRICT_OBJC_MSGSEND = YES;
				GCC_C_LANGUAGE_STANDARD = gnu11;
				GCC_NO_COMMON_BLOCKS = YES;
				GCC_WARN_64_TO_32_BIT_CONVERSION = YES;
				GCC_WARN_ABOUT_RETURN_TYPE = YES_ERROR;
				GCC_WARN_UNDECLARED_SELECTOR = YES;
				GCC_WARN_UNINITIALIZED_AUTOS = YES_AGGRESSIVE;
				GCC_WARN_UNUSED_FUNCTION = YES;
				GCC_WARN_UNUSED_VARIABLE = YES;
				IPHONEOS_DEPLOYMENT_TARGET = 11.0;
				MTL_ENABLE_DEBUG_INFO = NO;
				SDKROOT = iphoneos;
				SWIFT_OPTIMIZATION_LEVEL = "-Owholemodule";
				VALIDATE_PRODUCT = YES;
			};
			name = Release;
		};
		2BF869DE1F76A2D900F403BC /* Debug */ = {
			isa = XCBuildConfiguration;
			baseConfigurationReference = 1BE13BD90CC6DCB8147BBA50 /* Pods-MyShootingCoach.debug.xcconfig */;
			buildSettings = {
				ASSETCATALOG_COMPILER_APPICON_NAME = AppIcon;
				CODE_SIGN_STYLE = Automatic;
				DEVELOPMENT_TEAM = 4KNH59P48U;
				INFOPLIST_FILE = MyShootingCoach/Info.plist;
				LD_RUNPATH_SEARCH_PATHS = "$(inherited) @executable_path/Frameworks";
				PRODUCT_BUNDLE_IDENTIFIER = zlia.7.MyShootingCoach;
				PRODUCT_NAME = "$(TARGET_NAME)";
				SWIFT_VERSION = 4.0;
				TARGETED_DEVICE_FAMILY = "1,2";
			};
			name = Debug;
		};
		2BF869DF1F76A2D900F403BC /* Release */ = {
			isa = XCBuildConfiguration;
			baseConfigurationReference = 14033C9E5C86AC9A20F6861E /* Pods-MyShootingCoach.release.xcconfig */;
			buildSettings = {
				ASSETCATALOG_COMPILER_APPICON_NAME = AppIcon;
				CODE_SIGN_STYLE = Automatic;
				DEVELOPMENT_TEAM = 4KNH59P48U;
				INFOPLIST_FILE = MyShootingCoach/Info.plist;
				LD_RUNPATH_SEARCH_PATHS = "$(inherited) @executable_path/Frameworks";
				PRODUCT_BUNDLE_IDENTIFIER = zlia.7.MyShootingCoach;
				PRODUCT_NAME = "$(TARGET_NAME)";
				SWIFT_VERSION = 4.0;
				TARGETED_DEVICE_FAMILY = "1,2";
			};
			name = Release;
		};
/* End XCBuildConfiguration section */

/* Begin XCConfigurationList section */
		2BF869C41F76A2D900F403BC /* Build configuration list for PBXProject "MyShootingCoach" */ = {
			isa = XCConfigurationList;
			buildConfigurations = (
				2BF869DB1F76A2D900F403BC /* Debug */,
				2BF869DC1F76A2D900F403BC /* Release */,
			);
			defaultConfigurationIsVisible = 0;
			defaultConfigurationName = Release;
		};
		2BF869DD1F76A2D900F403BC /* Build configuration list for PBXNativeTarget "MyShootingCoach" */ = {
			isa = XCConfigurationList;
			buildConfigurations = (
				2BF869DE1F76A2D900F403BC /* Debug */,
				2BF869DF1F76A2D900F403BC /* Release */,
			);
			defaultConfigurationIsVisible = 0;
			defaultConfigurationName = Release;
		};
/* End XCConfigurationList section */
	};
	rootObject = 2BF869C11F76A2D900F403BC /* Project object */;
}
